// !$*UTF8*$!
{
	archiveVersion = 1;
	classes = {
	};
	objectVersion = 51;
	objects = {

/* Begin PBXBuildFile section */
		3004792CB77D0DC0C5307C4C /* Pods_swifty_companion.framework in Frameworks */ = {isa = PBXBuildFile; fileRef = 75F5D993C003844C376556E3 /* Pods_swifty_companion.framework */; };
		D105C010267BF9A600FFCDF9 /* ProjectUserData.swift in Sources */ = {isa = PBXBuildFile; fileRef = D105C00A267BF9A600FFCDF9 /* ProjectUserData.swift */; };
		D105C011267BF9A600FFCDF9 /* AuthData.swift in Sources */ = {isa = PBXBuildFile; fileRef = D105C00B267BF9A600FFCDF9 /* AuthData.swift */; };
		D105C012267BF9A600FFCDF9 /* ProjectData.swift in Sources */ = {isa = PBXBuildFile; fileRef = D105C00C267BF9A600FFCDF9 /* ProjectData.swift */; };
		D105C013267BF9A600FFCDF9 /* SkillData.swift in Sources */ = {isa = PBXBuildFile; fileRef = D105C00D267BF9A600FFCDF9 /* SkillData.swift */; };
		D105C014267BF9A600FFCDF9 /* CursusUserData.swift in Sources */ = {isa = PBXBuildFile; fileRef = D105C00E267BF9A600FFCDF9 /* CursusUserData.swift */; };
		D105C015267BF9A600FFCDF9 /* UserData.swift in Sources */ = {isa = PBXBuildFile; fileRef = D105C00F267BF9A600FFCDF9 /* UserData.swift */; };
		D105C019267BF9C200FFCDF9 /* School42Service.swift in Sources */ = {isa = PBXBuildFile; fileRef = D105C017267BF9C200FFCDF9 /* School42Service.swift */; };
		D105C01A267BF9C200FFCDF9 /* TokenWrapper.swift in Sources */ = {isa = PBXBuildFile; fileRef = D105C018267BF9C200FFCDF9 /* TokenWrapper.swift */; };
		D105C01E267BF9EF00FFCDF9 /* ContentView.swift in Sources */ = {isa = PBXBuildFile; fileRef = D105C01D267BF9EF00FFCDF9 /* ContentView.swift */; };
		D105C021267BF9F700FFCDF9 /* SearchBar.swift in Sources */ = {isa = PBXBuildFile; fileRef = D105C01F267BF9F700FFCDF9 /* SearchBar.swift */; };
		D105C022267BF9F700FFCDF9 /* SearchPage.swift in Sources */ = {isa = PBXBuildFile; fileRef = D105C020267BF9F700FFCDF9 /* SearchPage.swift */; };
		D105C027267D140200FFCDF9 /* Background.swift in Sources */ = {isa = PBXBuildFile; fileRef = D105C026267D140200FFCDF9 /* Background.swift */; };
		D105C029267D162B00FFCDF9 /* SearchButton.swift in Sources */ = {isa = PBXBuildFile; fileRef = D105C028267D162B00FFCDF9 /* SearchButton.swift */; };
		D105C02B267DE22F00FFCDF9 /* Requests.swift in Sources */ = {isa = PBXBuildFile; fileRef = D105C02A267DE22F00FFCDF9 /* Requests.swift */; };
		D105C02D267DFBA200FFCDF9 /* Binding.swift in Sources */ = {isa = PBXBuildFile; fileRef = D105C02C267DFBA200FFCDF9 /* Binding.swift */; };
		D105C031267E08DA00FFCDF9 /* String.swift in Sources */ = {isa = PBXBuildFile; fileRef = D105C030267E08DA00FFCDF9 /* String.swift */; };
		D105C033267E0C6700FFCDF9 /* MainPanel.swift in Sources */ = {isa = PBXBuildFile; fileRef = D105C032267E0C6700FFCDF9 /* MainPanel.swift */; };
		D105C036267E0D7B00FFCDF9 /* Blur.swift in Sources */ = {isa = PBXBuildFile; fileRef = D105C035267E0D7B00FFCDF9 /* Blur.swift */; };
		D105C03A267E5BAF00FFCDF9 /* UserInfo.swift in Sources */ = {isa = PBXBuildFile; fileRef = D105C039267E5BAF00FFCDF9 /* UserInfo.swift */; };
		D105C03E267E644000FFCDF9 /* testUser.json in Resources */ = {isa = PBXBuildFile; fileRef = D105C03D267E644000FFCDF9 /* testUser.json */; };
		D105C040267E645B00FFCDF9 /* FileLoader.swift in Sources */ = {isa = PBXBuildFile; fileRef = D105C03F267E645B00FFCDF9 /* FileLoader.swift */; };
		D105C042267E664A00FFCDF9 /* UserSummary.swift in Sources */ = {isa = PBXBuildFile; fileRef = D105C041267E664A00FFCDF9 /* UserSummary.swift */; };
		D105C048267E732C00FFCDF9 /* UserImage.swift in Sources */ = {isa = PBXBuildFile; fileRef = D105C047267E732C00FFCDF9 /* UserImage.swift */; };
		D105C04A267E739600FFCDF9 /* UserLogin.swift in Sources */ = {isa = PBXBuildFile; fileRef = D105C049267E739600FFCDF9 /* UserLogin.swift */; };
		D105C04C267E746000FFCDF9 /* UserPageConfiguration.swift in Sources */ = {isa = PBXBuildFile; fileRef = D105C04B267E746000FFCDF9 /* UserPageConfiguration.swift */; };
		D105C04E267E767800FFCDF9 /* ProjectPanel.swift in Sources */ = {isa = PBXBuildFile; fileRef = D105C04D267E767800FFCDF9 /* ProjectPanel.swift */; };
		D105C051267E7E2500FFCDF9 /* ProjectStatus.swift in Sources */ = {isa = PBXBuildFile; fileRef = D105C050267E7E2500FFCDF9 /* ProjectStatus.swift */; };
		D105C053267E81E100FFCDF9 /* ProjectSummary.swift in Sources */ = {isa = PBXBuildFile; fileRef = D105C052267E81E100FFCDF9 /* ProjectSummary.swift */; };
		D105C055267E8B2B00FFCDF9 /* Project.swift in Sources */ = {isa = PBXBuildFile; fileRef = D105C054267E8B2B00FFCDF9 /* Project.swift */; };
		D105C057267E944300FFCDF9 /* UserPage.swift in Sources */ = {isa = PBXBuildFile; fileRef = D105C056267E944300FFCDF9 /* UserPage.swift */; };
		D11F09DA267A663C00B1A8A5 /* SwiftyCompanionApp.swift in Sources */ = {isa = PBXBuildFile; fileRef = D11F09D9267A663C00B1A8A5 /* SwiftyCompanionApp.swift */; };
		D11F09DE267A663C00B1A8A5 /* Assets.xcassets in Resources */ = {isa = PBXBuildFile; fileRef = D11F09DD267A663C00B1A8A5 /* Assets.xcassets */; };
		D11F09E1267A663C00B1A8A5 /* Preview Assets.xcassets in Resources */ = {isa = PBXBuildFile; fileRef = D11F09E0267A663C00B1A8A5 /* Preview Assets.xcassets */; };
		D1855E5D267F90230037BACB /* SkillPanel.swift in Sources */ = {isa = PBXBuildFile; fileRef = D1855E5C267F90230037BACB /* SkillPanel.swift */; };
		D1855E5F267F90820037BACB /* SkillSummary.swift in Sources */ = {isa = PBXBuildFile; fileRef = D1855E5E267F90820037BACB /* SkillSummary.swift */; };
		D1855E61267F91AB0037BACB /* Skill.swift in Sources */ = {isa = PBXBuildFile; fileRef = D1855E60267F91AB0037BACB /* Skill.swift */; };
/* End PBXBuildFile section */

/* Begin PBXFileReference section */
		75F5D993C003844C376556E3 /* Pods_swifty_companion.framework */ = {isa = PBXFileReference; explicitFileType = wrapper.framework; includeInIndex = 0; path = Pods_swifty_companion.framework; sourceTree = BUILT_PRODUCTS_DIR; };
		BDF2FFDED82086A97949E55A /* Pods-swifty-companion.release.xcconfig */ = {isa = PBXFileReference; includeInIndex = 1; lastKnownFileType = text.xcconfig; name = "Pods-swifty-companion.release.xcconfig"; path = "Target Support Files/Pods-swifty-companion/Pods-swifty-companion.release.xcconfig"; sourceTree = "<group>"; };
		D105C00A267BF9A600FFCDF9 /* ProjectUserData.swift */ = {isa = PBXFileReference; fileEncoding = 4; lastKnownFileType = sourcecode.swift; path = ProjectUserData.swift; sourceTree = "<group>"; };
		D105C00B267BF9A600FFCDF9 /* AuthData.swift */ = {isa = PBXFileReference; fileEncoding = 4; lastKnownFileType = sourcecode.swift; path = AuthData.swift; sourceTree = "<group>"; };
		D105C00C267BF9A600FFCDF9 /* ProjectData.swift */ = {isa = PBXFileReference; fileEncoding = 4; lastKnownFileType = sourcecode.swift; path = ProjectData.swift; sourceTree = "<group>"; };
		D105C00D267BF9A600FFCDF9 /* SkillData.swift */ = {isa = PBXFileReference; fileEncoding = 4; lastKnownFileType = sourcecode.swift; path = SkillData.swift; sourceTree = "<group>"; };
		D105C00E267BF9A600FFCDF9 /* CursusUserData.swift */ = {isa = PBXFileReference; fileEncoding = 4; lastKnownFileType = sourcecode.swift; path = CursusUserData.swift; sourceTree = "<group>"; };
		D105C00F267BF9A600FFCDF9 /* UserData.swift */ = {isa = PBXFileReference; fileEncoding = 4; lastKnownFileType = sourcecode.swift; path = UserData.swift; sourceTree = "<group>"; };
		D105C017267BF9C200FFCDF9 /* School42Service.swift */ = {isa = PBXFileReference; fileEncoding = 4; lastKnownFileType = sourcecode.swift; path = School42Service.swift; sourceTree = "<group>"; };
		D105C018267BF9C200FFCDF9 /* TokenWrapper.swift */ = {isa = PBXFileReference; fileEncoding = 4; lastKnownFileType = sourcecode.swift; path = TokenWrapper.swift; sourceTree = "<group>"; };
		D105C01D267BF9EF00FFCDF9 /* ContentView.swift */ = {isa = PBXFileReference; fileEncoding = 4; lastKnownFileType = sourcecode.swift; path = ContentView.swift; sourceTree = "<group>"; };
		D105C01F267BF9F700FFCDF9 /* SearchBar.swift */ = {isa = PBXFileReference; fileEncoding = 4; lastKnownFileType = sourcecode.swift; path = SearchBar.swift; sourceTree = "<group>"; };
		D105C020267BF9F700FFCDF9 /* SearchPage.swift */ = {isa = PBXFileReference; fileEncoding = 4; lastKnownFileType = sourcecode.swift; path = SearchPage.swift; sourceTree = "<group>"; };
		D105C026267D140200FFCDF9 /* Background.swift */ = {isa = PBXFileReference; lastKnownFileType = sourcecode.swift; path = Background.swift; sourceTree = "<group>"; };
		D105C028267D162B00FFCDF9 /* SearchButton.swift */ = {isa = PBXFileReference; lastKnownFileType = sourcecode.swift; path = SearchButton.swift; sourceTree = "<group>"; };
		D105C02A267DE22F00FFCDF9 /* Requests.swift */ = {isa = PBXFileReference; lastKnownFileType = sourcecode.swift; path = Requests.swift; sourceTree = "<group>"; };
		D105C02C267DFBA200FFCDF9 /* Binding.swift */ = {isa = PBXFileReference; lastKnownFileType = sourcecode.swift; path = Binding.swift; sourceTree = "<group>"; };
		D105C030267E08DA00FFCDF9 /* String.swift */ = {isa = PBXFileReference; lastKnownFileType = sourcecode.swift; path = String.swift; sourceTree = "<group>"; };
		D105C032267E0C6700FFCDF9 /* MainPanel.swift */ = {isa = PBXFileReference; lastKnownFileType = sourcecode.swift; path = MainPanel.swift; sourceTree = "<group>"; };
		D105C035267E0D7B00FFCDF9 /* Blur.swift */ = {isa = PBXFileReference; lastKnownFileType = sourcecode.swift; path = Blur.swift; sourceTree = "<group>"; };
		D105C039267E5BAF00FFCDF9 /* UserInfo.swift */ = {isa = PBXFileReference; lastKnownFileType = sourcecode.swift; path = UserInfo.swift; sourceTree = "<group>"; };
		D105C03D267E644000FFCDF9 /* testUser.json */ = {isa = PBXFileReference; fileEncoding = 4; lastKnownFileType = text.json; path = testUser.json; sourceTree = "<group>"; };
		D105C03F267E645B00FFCDF9 /* FileLoader.swift */ = {isa = PBXFileReference; lastKnownFileType = sourcecode.swift; path = FileLoader.swift; sourceTree = "<group>"; };
		D105C041267E664A00FFCDF9 /* UserSummary.swift */ = {isa = PBXFileReference; lastKnownFileType = sourcecode.swift; path = UserSummary.swift; sourceTree = "<group>"; };
		D105C047267E732C00FFCDF9 /* UserImage.swift */ = {isa = PBXFileReference; lastKnownFileType = sourcecode.swift; path = UserImage.swift; sourceTree = "<group>"; };
		D105C049267E739600FFCDF9 /* UserLogin.swift */ = {isa = PBXFileReference; lastKnownFileType = sourcecode.swift; path = UserLogin.swift; sourceTree = "<group>"; };
		D105C04B267E746000FFCDF9 /* UserPageConfiguration.swift */ = {isa = PBXFileReference; lastKnownFileType = sourcecode.swift; path = UserPageConfiguration.swift; sourceTree = "<group>"; };
		D105C04D267E767800FFCDF9 /* ProjectPanel.swift */ = {isa = PBXFileReference; lastKnownFileType = sourcecode.swift; path = ProjectPanel.swift; sourceTree = "<group>"; };
		D105C050267E7E2500FFCDF9 /* ProjectStatus.swift */ = {isa = PBXFileReference; lastKnownFileType = sourcecode.swift; path = ProjectStatus.swift; sourceTree = "<group>"; };
		D105C052267E81E100FFCDF9 /* ProjectSummary.swift */ = {isa = PBXFileReference; lastKnownFileType = sourcecode.swift; path = ProjectSummary.swift; sourceTree = "<group>"; };
		D105C054267E8B2B00FFCDF9 /* Project.swift */ = {isa = PBXFileReference; lastKnownFileType = sourcecode.swift; path = Project.swift; sourceTree = "<group>"; };
		D105C056267E944300FFCDF9 /* UserPage.swift */ = {isa = PBXFileReference; lastKnownFileType = sourcecode.swift; path = UserPage.swift; sourceTree = "<group>"; };
		D11F09D6267A663C00B1A8A5 /* swifty-companion.app */ = {isa = PBXFileReference; explicitFileType = wrapper.application; includeInIndex = 0; path = "swifty-companion.app"; sourceTree = BUILT_PRODUCTS_DIR; };
		D11F09D9267A663C00B1A8A5 /* SwiftyCompanionApp.swift */ = {isa = PBXFileReference; lastKnownFileType = sourcecode.swift; path = SwiftyCompanionApp.swift; sourceTree = "<group>"; };
		D11F09DD267A663C00B1A8A5 /* Assets.xcassets */ = {isa = PBXFileReference; lastKnownFileType = folder.assetcatalog; path = Assets.xcassets; sourceTree = "<group>"; };
		D11F09E0267A663C00B1A8A5 /* Preview Assets.xcassets */ = {isa = PBXFileReference; lastKnownFileType = folder.assetcatalog; path = "Preview Assets.xcassets"; sourceTree = "<group>"; };
		D11F09E2267A663C00B1A8A5 /* Info.plist */ = {isa = PBXFileReference; lastKnownFileType = text.plist.xml; path = Info.plist; sourceTree = "<group>"; };
		D1855E5C267F90230037BACB /* SkillPanel.swift */ = {isa = PBXFileReference; lastKnownFileType = sourcecode.swift; path = SkillPanel.swift; sourceTree = "<group>"; };
		D1855E5E267F90820037BACB /* SkillSummary.swift */ = {isa = PBXFileReference; lastKnownFileType = sourcecode.swift; path = SkillSummary.swift; sourceTree = "<group>"; };
		D1855E60267F91AB0037BACB /* Skill.swift */ = {isa = PBXFileReference; lastKnownFileType = sourcecode.swift; path = Skill.swift; sourceTree = "<group>"; };
		DE84FEA721B25FA3F876529E /* Pods-swifty-companion.debug.xcconfig */ = {isa = PBXFileReference; includeInIndex = 1; lastKnownFileType = text.xcconfig; name = "Pods-swifty-companion.debug.xcconfig"; path = "Target Support Files/Pods-swifty-companion/Pods-swifty-companion.debug.xcconfig"; sourceTree = "<group>"; };
/* End PBXFileReference section */

/* Begin PBXFrameworksBuildPhase section */
		D11F09D3267A663C00B1A8A5 /* Frameworks */ = {
			isa = PBXFrameworksBuildPhase;
			buildActionMask = 2147483647;
			files = (
				3004792CB77D0DC0C5307C4C /* Pods_swifty_companion.framework in Frameworks */,
			);
			runOnlyForDeploymentPostprocessing = 0;
		};
/* End PBXFrameworksBuildPhase section */

/* Begin PBXGroup section */
		6B871C75D280DE98653A48BF /* Frameworks */ = {
			isa = PBXGroup;
			children = (
				75F5D993C003844C376556E3 /* Pods_swifty_companion.framework */,
			);
			name = Frameworks;
			sourceTree = "<group>";
		};
		D105C016267BF9AF00FFCDF9 /* Data */ = {
			isa = PBXGroup;
			children = (
				D105C00B267BF9A600FFCDF9 /* AuthData.swift */,
				D105C00F267BF9A600FFCDF9 /* UserData.swift */,
				D105C00E267BF9A600FFCDF9 /* CursusUserData.swift */,
				D105C00A267BF9A600FFCDF9 /* ProjectUserData.swift */,
				D105C00C267BF9A600FFCDF9 /* ProjectData.swift */,
				D105C00D267BF9A600FFCDF9 /* SkillData.swift */,
			);
			path = Data;
			sourceTree = "<group>";
		};
		D105C01B267BF9C700FFCDF9 /* School42Service */ = {
			isa = PBXGroup;
			children = (
				D105C017267BF9C200FFCDF9 /* School42Service.swift */,
				D105C02A267DE22F00FFCDF9 /* Requests.swift */,
				D105C018267BF9C200FFCDF9 /* TokenWrapper.swift */,
				D105C016267BF9AF00FFCDF9 /* Data */,
			);
			path = School42Service;
			sourceTree = "<group>";
		};
		D105C01C267BF9D100FFCDF9 /* Models */ = {
			isa = PBXGroup;
			children = (
				D105C01B267BF9C700FFCDF9 /* School42Service */,
			);
			path = Models;
			sourceTree = "<group>";
		};
		D105C023267BF9FB00FFCDF9 /* SearchPage */ = {
			isa = PBXGroup;
			children = (
				D105C020267BF9F700FFCDF9 /* SearchPage.swift */,
				D105C01F267BF9F700FFCDF9 /* SearchBar.swift */,
				D105C028267D162B00FFCDF9 /* SearchButton.swift */,
			);
			path = SearchPage;
			sourceTree = "<group>";
		};
		D105C024267BFA0500FFCDF9 /* UserPage */ = {
			isa = PBXGroup;
			children = (
				D105C056267E944300FFCDF9 /* UserPage.swift */,
				D105C04B267E746000FFCDF9 /* UserPageConfiguration.swift */,
				D105C03B267E61D800FFCDF9 /* MainPanel */,
				D105C04F267E7D9B00FFCDF9 /* ProjectPanel */,
				D1855E5B267F8FF90037BACB /* SkillPanel */,
			);
			path = UserPage;
			sourceTree = "<group>";
		};
		D105C025267D13E100FFCDF9 /* Tools */ = {
			isa = PBXGroup;
			children = (
				D105C044267E6B6100FFCDF9 /* Views */,
				D105C045267E6B6A00FFCDF9 /* Summaries */,
			);
			path = Tools;
			sourceTree = "<group>";
		};
		D105C02E267DFBA600FFCDF9 /* Tools */ = {
			isa = PBXGroup;
			children = (
				D105C02F267DFCA300FFCDF9 /* Extensions */,
				D105C03F267E645B00FFCDF9 /* FileLoader.swift */,
			);
			path = Tools;
			sourceTree = "<group>";
		};
		D105C02F267DFCA300FFCDF9 /* Extensions */ = {
			isa = PBXGroup;
			children = (
				D105C02C267DFBA200FFCDF9 /* Binding.swift */,
				D105C030267E08DA00FFCDF9 /* String.swift */,
			);
			path = Extensions;
			sourceTree = "<group>";
		};
		D105C03B267E61D800FFCDF9 /* MainPanel */ = {
			isa = PBXGroup;
			children = (
				D105C032267E0C6700FFCDF9 /* MainPanel.swift */,
				D105C047267E732C00FFCDF9 /* UserImage.swift */,
				D105C049267E739600FFCDF9 /* UserLogin.swift */,
				D105C039267E5BAF00FFCDF9 /* UserInfo.swift */,
			);
			path = MainPanel;
			sourceTree = "<group>";
		};
		D105C03C267E643000FFCDF9 /* Resources */ = {
			isa = PBXGroup;
			children = (
				D105C03D267E644000FFCDF9 /* testUser.json */,
			);
			path = Resources;
			sourceTree = "<group>";
		};
		D105C044267E6B6100FFCDF9 /* Views */ = {
			isa = PBXGroup;
			children = (
				D105C026267D140200FFCDF9 /* Background.swift */,
				D105C035267E0D7B00FFCDF9 /* Blur.swift */,
			);
			path = Views;
			sourceTree = "<group>";
		};
		D105C045267E6B6A00FFCDF9 /* Summaries */ = {
			isa = PBXGroup;
			children = (
				D105C041267E664A00FFCDF9 /* UserSummary.swift */,
				D105C052267E81E100FFCDF9 /* ProjectSummary.swift */,
				D1855E5E267F90820037BACB /* SkillSummary.swift */,
			);
			path = Summaries;
			sourceTree = "<group>";
		};
		D105C04F267E7D9B00FFCDF9 /* ProjectPanel */ = {
			isa = PBXGroup;
			children = (
				D105C04D267E767800FFCDF9 /* ProjectPanel.swift */,
				D105C054267E8B2B00FFCDF9 /* Project.swift */,
				D105C050267E7E2500FFCDF9 /* ProjectStatus.swift */,
			);
			path = ProjectPanel;
			sourceTree = "<group>";
		};
		D11F09CD267A663C00B1A8A5 = {
			isa = PBXGroup;
			children = (
				D11F09D8267A663C00B1A8A5 /* SwiftyCompanion */,
				D11F09D7267A663C00B1A8A5 /* Products */,
				F64656D64F626069F137447C /* Pods */,
				6B871C75D280DE98653A48BF /* Frameworks */,
			);
			sourceTree = "<group>";
		};
		D11F09D7267A663C00B1A8A5 /* Products */ = {
			isa = PBXGroup;
			children = (
				D11F09D6267A663C00B1A8A5 /* swifty-companion.app */,
			);
			name = Products;
			sourceTree = "<group>";
		};
		D11F09D8267A663C00B1A8A5 /* SwiftyCompanion */ = {
			isa = PBXGroup;
			children = (
				D11F09E2267A663C00B1A8A5 /* Info.plist */,
				D11F09DD267A663C00B1A8A5 /* Assets.xcassets */,
				D11F09DF267A663C00B1A8A5 /* Preview Content */,
				D1659F9A267A686000614754 /* Sources */,
				D105C03C267E643000FFCDF9 /* Resources */,
			);
			path = SwiftyCompanion;
			sourceTree = "<group>";
		};
		D11F09DF267A663C00B1A8A5 /* Preview Content */ = {
			isa = PBXGroup;
			children = (
				D11F09E0267A663C00B1A8A5 /* Preview Assets.xcassets */,
			);
			path = "Preview Content";
			sourceTree = "<group>";
		};
		D1659F9A267A686000614754 /* Sources */ = {
			isa = PBXGroup;
			children = (
				D1659F9D267A687200614754 /* App */,
				D105C02E267DFBA600FFCDF9 /* Tools */,
				D105C01C267BF9D100FFCDF9 /* Models */,
				D1659F9C267A686B00614754 /* Views */,
			);
			path = Sources;
			sourceTree = "<group>";
		};
		D1659F9C267A686B00614754 /* Views */ = {
			isa = PBXGroup;
			children = (
				D105C01D267BF9EF00FFCDF9 /* ContentView.swift */,
				D105C023267BF9FB00FFCDF9 /* SearchPage */,
				D105C024267BFA0500FFCDF9 /* UserPage */,
				D105C025267D13E100FFCDF9 /* Tools */,
			);
			path = Views;
			sourceTree = "<group>";
		};
		D1659F9D267A687200614754 /* App */ = {
			isa = PBXGroup;
			children = (
				D11F09D9267A663C00B1A8A5 /* SwiftyCompanionApp.swift */,
			);
			path = App;
			sourceTree = "<group>";
		};
		D1855E5B267F8FF90037BACB /* SkillPanel */ = {
			isa = PBXGroup;
			children = (
				D1855E5C267F90230037BACB /* SkillPanel.swift */,
				D1855E60267F91AB0037BACB /* Skill.swift */,
			);
			path = SkillPanel;
			sourceTree = "<group>";
		};
		F64656D64F626069F137447C /* Pods */ = {
			isa = PBXGroup;
			children = (
				DE84FEA721B25FA3F876529E /* Pods-swifty-companion.debug.xcconfig */,
				BDF2FFDED82086A97949E55A /* Pods-swifty-companion.release.xcconfig */,
			);
			path = Pods;
			sourceTree = "<group>";
		};
/* End PBXGroup section */

/* Begin PBXNativeTarget section */
		D11F09D5267A663C00B1A8A5 /* swifty-companion */ = {
			isa = PBXNativeTarget;
			buildConfigurationList = D11F09E5267A663C00B1A8A5 /* Build configuration list for PBXNativeTarget "swifty-companion" */;
			buildPhases = (
				C455258D8262D1A35D4C8BE9 /* [CP] Check Pods Manifest.lock */,
				D11F09D2267A663C00B1A8A5 /* Sources */,
				D11F09D3267A663C00B1A8A5 /* Frameworks */,
				D11F09D4267A663C00B1A8A5 /* Resources */,
				C07089AA98AB49D6BEA301AE /* [CP] Embed Pods Frameworks */,
			);
			buildRules = (
			);
			dependencies = (
			);
			name = "swifty-companion";
			productName = "swifty-companion";
			productReference = D11F09D6267A663C00B1A8A5 /* swifty-companion.app */;
			productType = "com.apple.product-type.application";
		};
/* End PBXNativeTarget section */

/* Begin PBXProject section */
		D11F09CE267A663C00B1A8A5 /* Project object */ = {
			isa = PBXProject;
			attributes = {
				LastSwiftUpdateCheck = 1250;
				LastUpgradeCheck = 1250;
				TargetAttributes = {
					D11F09D5267A663C00B1A8A5 = {
						CreatedOnToolsVersion = 12.5;
					};
				};
			};
			buildConfigurationList = D11F09D1267A663C00B1A8A5 /* Build configuration list for PBXProject "SwiftyCompanion" */;
			compatibilityVersion = "Xcode 9.3";
			developmentRegion = en;
			hasScannedForEncodings = 0;
			knownRegions = (
				en,
				Base,
			);
			mainGroup = D11F09CD267A663C00B1A8A5;
			productRefGroup = D11F09D7267A663C00B1A8A5 /* Products */;
			projectDirPath = "";
			projectRoot = "";
			targets = (
				D11F09D5267A663C00B1A8A5 /* swifty-companion */,
			);
		};
/* End PBXProject section */

/* Begin PBXResourcesBuildPhase section */
		D11F09D4267A663C00B1A8A5 /* Resources */ = {
			isa = PBXResourcesBuildPhase;
			buildActionMask = 2147483647;
			files = (
				D105C03E267E644000FFCDF9 /* testUser.json in Resources */,
				D11F09E1267A663C00B1A8A5 /* Preview Assets.xcassets in Resources */,
				D11F09DE267A663C00B1A8A5 /* Assets.xcassets in Resources */,
			);
			runOnlyForDeploymentPostprocessing = 0;
		};
/* End PBXResourcesBuildPhase section */

/* Begin PBXShellScriptBuildPhase section */
		C07089AA98AB49D6BEA301AE /* [CP] Embed Pods Frameworks */ = {
			isa = PBXShellScriptBuildPhase;
			buildActionMask = 2147483647;
			files = (
			);
			inputFileListPaths = (
				"${PODS_ROOT}/Target Support Files/Pods-swifty-companion/Pods-swifty-companion-frameworks-${CONFIGURATION}-input-files.xcfilelist",
			);
			name = "[CP] Embed Pods Frameworks";
			outputFileListPaths = (
				"${PODS_ROOT}/Target Support Files/Pods-swifty-companion/Pods-swifty-companion-frameworks-${CONFIGURATION}-output-files.xcfilelist",
			);
			runOnlyForDeploymentPostprocessing = 0;
			shellPath = /bin/sh;
			shellScript = "\"${PODS_ROOT}/Target Support Files/Pods-swifty-companion/Pods-swifty-companion-frameworks.sh\"\n";
			showEnvVarsInLog = 0;
		};
		C455258D8262D1A35D4C8BE9 /* [CP] Check Pods Manifest.lock */ = {
			isa = PBXShellScriptBuildPhase;
			buildActionMask = 2147483647;
			files = (
			);
			inputFileListPaths = (
			);
			inputPaths = (
				"${PODS_PODFILE_DIR_PATH}/Podfile.lock",
				"${PODS_ROOT}/Manifest.lock",
			);
			name = "[CP] Check Pods Manifest.lock";
			outputFileListPaths = (
			);
			outputPaths = (
				"$(DERIVED_FILE_DIR)/Pods-swifty-companion-checkManifestLockResult.txt",
			);
			runOnlyForDeploymentPostprocessing = 0;
			shellPath = /bin/sh;
			shellScript = "diff \"${PODS_PODFILE_DIR_PATH}/Podfile.lock\" \"${PODS_ROOT}/Manifest.lock\" > /dev/null\nif [ $? != 0 ] ; then\n    # print error to STDERR\n    echo \"error: The sandbox is not in sync with the Podfile.lock. Run 'pod install' or update your CocoaPods installation.\" >&2\n    exit 1\nfi\n# This output is used by Xcode 'outputs' to avoid re-running this script phase.\necho \"SUCCESS\" > \"${SCRIPT_OUTPUT_FILE_0}\"\n";
			showEnvVarsInLog = 0;
		};
/* End PBXShellScriptBuildPhase section */

/* Begin PBXSourcesBuildPhase section */
		D11F09D2267A663C00B1A8A5 /* Sources */ = {
			isa = PBXSourcesBuildPhase;
			buildActionMask = 2147483647;
			files = (
				D105C04C267E746000FFCDF9 /* UserPageConfiguration.swift in Sources */,
				D105C010267BF9A600FFCDF9 /* ProjectUserData.swift in Sources */,
				D105C048267E732C00FFCDF9 /* UserImage.swift in Sources */,
				D105C04A267E739600FFCDF9 /* UserLogin.swift in Sources */,
				D105C053267E81E100FFCDF9 /* ProjectSummary.swift in Sources */,
				D105C03A267E5BAF00FFCDF9 /* UserInfo.swift in Sources */,
				D105C014267BF9A600FFCDF9 /* CursusUserData.swift in Sources */,
				D105C022267BF9F700FFCDF9 /* SearchPage.swift in Sources */,
				D105C019267BF9C200FFCDF9 /* School42Service.swift in Sources */,
				D1855E61267F91AB0037BACB /* Skill.swift in Sources */,
				D105C015267BF9A600FFCDF9 /* UserData.swift in Sources */,
				D105C011267BF9A600FFCDF9 /* AuthData.swift in Sources */,
				D105C012267BF9A600FFCDF9 /* ProjectData.swift in Sources */,
				D105C029267D162B00FFCDF9 /* SearchButton.swift in Sources */,
				D105C040267E645B00FFCDF9 /* FileLoader.swift in Sources */,
				D1855E5D267F90230037BACB /* SkillPanel.swift in Sources */,
				D105C055267E8B2B00FFCDF9 /* Project.swift in Sources */,
				D105C036267E0D7B00FFCDF9 /* Blur.swift in Sources */,
				D105C02D267DFBA200FFCDF9 /* Binding.swift in Sources */,
				D105C01E267BF9EF00FFCDF9 /* ContentView.swift in Sources */,
				D105C04E267E767800FFCDF9 /* ProjectPanel.swift in Sources */,
				D105C02B267DE22F00FFCDF9 /* Requests.swift in Sources */,
				D11F09DA267A663C00B1A8A5 /* SwiftyCompanionApp.swift in Sources */,
				D105C042267E664A00FFCDF9 /* UserSummary.swift in Sources */,
				D105C013267BF9A600FFCDF9 /* SkillData.swift in Sources */,
				D105C051267E7E2500FFCDF9 /* ProjectStatus.swift in Sources */,
				D105C021267BF9F700FFCDF9 /* SearchBar.swift in Sources */,
				D1855E5F267F90820037BACB /* SkillSummary.swift in Sources */,
				D105C031267E08DA00FFCDF9 /* String.swift in Sources */,
				D105C027267D140200FFCDF9 /* Background.swift in Sources */,
				D105C01A267BF9C200FFCDF9 /* TokenWrapper.swift in Sources */,
				D105C033267E0C6700FFCDF9 /* MainPanel.swift in Sources */,
				D105C057267E944300FFCDF9 /* UserPage.swift in Sources */,
			);
			runOnlyForDeploymentPostprocessing = 0;
		};
/* End PBXSourcesBuildPhase section */

/* Begin XCBuildConfiguration section */
		D11F09E3267A663C00B1A8A5 /* Debug */ = {
			isa = XCBuildConfiguration;
			buildSettings = {
				ALWAYS_SEARCH_USER_PATHS = NO;
				CLANG_ANALYZER_NONNULL = YES;
				CLANG_ANALYZER_NUMBER_OBJECT_CONVERSION = YES_AGGRESSIVE;
				CLANG_CXX_LANGUAGE_STANDARD = "gnu++14";
				CLANG_CXX_LIBRARY = "libc++";
				CLANG_ENABLE_MODULES = YES;
				CLANG_ENABLE_OBJC_ARC = YES;
				CLANG_ENABLE_OBJC_WEAK = YES;
				CLANG_WARN_BLOCK_CAPTURE_AUTORELEASING = YES;
				CLANG_WARN_BOOL_CONVERSION = YES;
				CLANG_WARN_COMMA = YES;
				CLANG_WARN_CONSTANT_CONVERSION = YES;
				CLANG_WARN_DEPRECATED_OBJC_IMPLEMENTATIONS = YES;
				CLANG_WARN_DIRECT_OBJC_ISA_USAGE = YES_ERROR;
				CLANG_WARN_DOCUMENTATION_COMMENTS = YES;
				CLANG_WARN_EMPTY_BODY = YES;
				CLANG_WARN_ENUM_CONVERSION = YES;
				CLANG_WARN_INFINITE_RECURSION = YES;
				CLANG_WARN_INT_CONVERSION = YES;
				CLANG_WARN_NON_LITERAL_NULL_CONVERSION = YES;
				CLANG_WARN_OBJC_IMPLICIT_RETAIN_SELF = YES;
				CLANG_WARN_OBJC_LITERAL_CONVERSION = YES;
				CLANG_WARN_OBJC_ROOT_CLASS = YES_ERROR;
				CLANG_WARN_QUOTED_INCLUDE_IN_FRAMEWORK_HEADER = YES;
				CLANG_WARN_RANGE_LOOP_ANALYSIS = YES;
				CLANG_WARN_STRICT_PROTOTYPES = YES;
				CLANG_WARN_SUSPICIOUS_MOVE = YES;
				CLANG_WARN_UNGUARDED_AVAILABILITY = YES_AGGRESSIVE;
				CLANG_WARN_UNREACHABLE_CODE = YES;
				CLANG_WARN__DUPLICATE_METHOD_MATCH = YES;
				COPY_PHASE_STRIP = NO;
				DEBUG_INFORMATION_FORMAT = dwarf;
				ENABLE_STRICT_OBJC_MSGSEND = YES;
				ENABLE_TESTABILITY = YES;
				GCC_C_LANGUAGE_STANDARD = gnu11;
				GCC_DYNAMIC_NO_PIC = NO;
				GCC_NO_COMMON_BLOCKS = YES;
				GCC_OPTIMIZATION_LEVEL = 0;
				GCC_PREPROCESSOR_DEFINITIONS = (
					"DEBUG=1",
					"$(inherited)",
				);
				GCC_WARN_64_TO_32_BIT_CONVERSION = YES;
				GCC_WARN_ABOUT_RETURN_TYPE = YES_ERROR;
				GCC_WARN_UNDECLARED_SELECTOR = YES;
				GCC_WARN_UNINITIALIZED_AUTOS = YES_AGGRESSIVE;
				GCC_WARN_UNUSED_FUNCTION = YES;
				GCC_WARN_UNUSED_VARIABLE = YES;
				IPHONEOS_DEPLOYMENT_TARGET = 14.5;
				MTL_ENABLE_DEBUG_INFO = INCLUDE_SOURCE;
				MTL_FAST_MATH = YES;
				ONLY_ACTIVE_ARCH = YES;
				SDKROOT = iphoneos;
				SWIFT_ACTIVE_COMPILATION_CONDITIONS = DEBUG;
				SWIFT_OPTIMIZATION_LEVEL = "-Onone";
			};
			name = Debug;
		};
		D11F09E4267A663C00B1A8A5 /* Release */ = {
			isa = XCBuildConfiguration;
			buildSettings = {
				ALWAYS_SEARCH_USER_PATHS = NO;
				CLANG_ANALYZER_NONNULL = YES;
				CLANG_ANALYZER_NUMBER_OBJECT_CONVERSION = YES_AGGRESSIVE;
				CLANG_CXX_LANGUAGE_STANDARD = "gnu++14";
				CLANG_CXX_LIBRARY = "libc++";
				CLANG_ENABLE_MODULES = YES;
				CLANG_ENABLE_OBJC_ARC = YES;
				CLANG_ENABLE_OBJC_WEAK = YES;
				CLANG_WARN_BLOCK_CAPTURE_AUTORELEASING = YES;
				CLANG_WARN_BOOL_CONVERSION = YES;
				CLANG_WARN_COMMA = YES;
				CLANG_WARN_CONSTANT_CONVERSION = YES;
				CLANG_WARN_DEPRECATED_OBJC_IMPLEMENTATIONS = YES;
				CLANG_WARN_DIRECT_OBJC_ISA_USAGE = YES_ERROR;
				CLANG_WARN_DOCUMENTATION_COMMENTS = YES;
				CLANG_WARN_EMPTY_BODY = YES;
				CLANG_WARN_ENUM_CONVERSION = YES;
				CLANG_WARN_INFINITE_RECURSION = YES;
				CLANG_WARN_INT_CONVERSION = YES;
				CLANG_WARN_NON_LITERAL_NULL_CONVERSION = YES;
				CLANG_WARN_OBJC_IMPLICIT_RETAIN_SELF = YES;
				CLANG_WARN_OBJC_LITERAL_CONVERSION = YES;
				CLANG_WARN_OBJC_ROOT_CLASS = YES_ERROR;
				CLANG_WARN_QUOTED_INCLUDE_IN_FRAMEWORK_HEADER = YES;
				CLANG_WARN_RANGE_LOOP_ANALYSIS = YES;
				CLANG_WARN_STRICT_PROTOTYPES = YES;
				CLANG_WARN_SUSPICIOUS_MOVE = YES;
				CLANG_WARN_UNGUARDED_AVAILABILITY = YES_AGGRESSIVE;
				CLANG_WARN_UNREACHABLE_CODE = YES;
				CLANG_WARN__DUPLICATE_METHOD_MATCH = YES;
				COPY_PHASE_STRIP = NO;
				DEBUG_INFORMATION_FORMAT = "dwarf-with-dsym";
				ENABLE_NS_ASSERTIONS = NO;
				ENABLE_STRICT_OBJC_MSGSEND = YES;
				GCC_C_LANGUAGE_STANDARD = gnu11;
				GCC_NO_COMMON_BLOCKS = YES;
				GCC_WARN_64_TO_32_BIT_CONVERSION = YES;
				GCC_WARN_ABOUT_RETURN_TYPE = YES_ERROR;
				GCC_WARN_UNDECLARED_SELECTOR = YES;
				GCC_WARN_UNINITIALIZED_AUTOS = YES_AGGRESSIVE;
				GCC_WARN_UNUSED_FUNCTION = YES;
				GCC_WARN_UNUSED_VARIABLE = YES;
				IPHONEOS_DEPLOYMENT_TARGET = 14.5;
				MTL_ENABLE_DEBUG_INFO = NO;
				MTL_FAST_MATH = YES;
				SDKROOT = iphoneos;
				SWIFT_COMPILATION_MODE = wholemodule;
				SWIFT_OPTIMIZATION_LEVEL = "-O";
				VALIDATE_PRODUCT = YES;
			};
			name = Release;
		};
		D11F09E6267A663C00B1A8A5 /* Debug */ = {
			isa = XCBuildConfiguration;
			baseConfigurationReference = DE84FEA721B25FA3F876529E /* Pods-swifty-companion.debug.xcconfig */;
			buildSettings = {
				ASSETCATALOG_COMPILER_APPICON_NAME = AppIcon;
				ASSETCATALOG_COMPILER_GLOBAL_ACCENT_COLOR_NAME = AccentColor;
				CODE_SIGN_STYLE = Automatic;
				DEVELOPMENT_ASSET_PATHS = "\"$(SRCROOT)/SwiftyCompanion/Preview Content\"";
				DEVELOPMENT_TEAM = NF7LW7M6W8;
				ENABLE_PREVIEWS = YES;
				INFOPLIST_FILE = SwiftyCompanion/Info.plist;
				IPHONEOS_DEPLOYMENT_TARGET = 14.0;
				LD_RUNPATH_SEARCH_PATHS = (
					"$(inherited)",
					"@executable_path/Frameworks",
				);
				PRODUCT_BUNDLE_IDENTIFIER = "arca.swifty-companion";
				PRODUCT_NAME = "$(TARGET_NAME)";
				SWIFT_ACTIVE_COMPILATION_CONDITIONS = DEBUG;
				SWIFT_VERSION = 5.0;
				TARGETED_DEVICE_FAMILY = "1,2";
			};
			name = Debug;
		};
		D11F09E7267A663C00B1A8A5 /* Release */ = {
			isa = XCBuildConfiguration;
			baseConfigurationReference = BDF2FFDED82086A97949E55A /* Pods-swifty-companion.release.xcconfig */;
			buildSettings = {
				ASSETCATALOG_COMPILER_APPICON_NAME = AppIcon;
				ASSETCATALOG_COMPILER_GLOBAL_ACCENT_COLOR_NAME = AccentColor;
				CODE_SIGN_STYLE = Automatic;
				DEVELOPMENT_ASSET_PATHS = "\"$(SRCROOT)/SwiftyCompanion/Preview Content\"";
				DEVELOPMENT_TEAM = NF7LW7M6W8;
				ENABLE_PREVIEWS = YES;
				INFOPLIST_FILE = SwiftyCompanion/Info.plist;
				IPHONEOS_DEPLOYMENT_TARGET = 14.0;
				LD_RUNPATH_SEARCH_PATHS = (
					"$(inherited)",
					"@executable_path/Frameworks",
				);
				PRODUCT_BUNDLE_IDENTIFIER = "arca.swifty-companion";
				PRODUCT_NAME = "$(TARGET_NAME)";
				SWIFT_VERSION = 5.0;
				TARGETED_DEVICE_FAMILY = "1,2";
			};
			name = Release;
		};
/* End XCBuildConfiguration section */

/* Begin XCConfigurationList section */
		D11F09D1267A663C00B1A8A5 /* Build configuration list for PBXProject "SwiftyCompanion" */ = {
			isa = XCConfigurationList;
			buildConfigurations = (
				D11F09E3267A663C00B1A8A5 /* Debug */,
				D11F09E4267A663C00B1A8A5 /* Release */,
			);
			defaultConfigurationIsVisible = 0;
			defaultConfigurationName = Release;
		};
		D11F09E5267A663C00B1A8A5 /* Build configuration list for PBXNativeTarget "swifty-companion" */ = {
			isa = XCConfigurationList;
			buildConfigurations = (
				D11F09E6267A663C00B1A8A5 /* Debug */,
				D11F09E7267A663C00B1A8A5 /* Release */,
			);
			defaultConfigurationIsVisible = 0;
			defaultConfigurationName = Release;
		};
/* End XCConfigurationList section */
	};
	rootObject = D11F09CE267A663C00B1A8A5 /* Project object */;
}
